
Microsoft Visual Studio Solution File, Format Version 12.00
# Visual Studio Version 17
VisualStudioVersion = 17.0.31903.59
MinimumVisualStudioVersion = 10.0.40219.1
Project("{2150E333-8FDC-42A3-9474-1A3956D46DE8}") = "src", "src", "{827E0CD3-B72D-47B6-A68D-7590B98EB39B}"
EndProject
Project("{FAE04EC0-301F-11D3-BF4B-00C04F79EFBC}") = "MonitorProfiles.Core", "src\MonitorProfiles.Core\MonitorProfiles.Core.csproj", "{BC856A63-3620-4F6E-9DE3-2F82D660B9DF}"
EndProject
Project("{FAE04EC0-301F-11D3-BF4B-00C04F79EFBC}") = "MonitorProfiles.Storage", "src\MonitorProfiles.Storage\MonitorProfiles.Storage.csproj", "{91C19B17-9B05-413F-B054-C1291C5BDC21}"
EndProject
Project("{FAE04EC0-301F-11D3-BF4B-00C04F79EFBC}") = "MonitorProfiles.Windows", "src\MonitorProfiles.Windows\MonitorProfiles.Windows.csproj", "{FE7B20BA-845E-40B2-9D2E-A76498720643}"
EndProject
Project("{FAE04EC0-301F-11D3-BF4B-00C04F79EFBC}") = "MonitorProfiles.App", "src\MonitorProfiles.App\MonitorProfiles.App.csproj", "{DB0C3278-B61E-4BDF-8E5C-872979B3A629}"
EndProject
Project("{2150E333-8FDC-42A3-9474-1A3956D46DE8}") = "tests", "tests", "{0AB3BF05-4346-4AA6-1389-037BE0695223}"
EndProject
Project("{FAE04EC0-301F-11D3-BF4B-00C04F79EFBC}") = "MonitorProfiles.Core.Tests", "tests\MonitorProfiles.Core.Tests\MonitorProfiles.Core.Tests.csproj", "{68897B76-4374-41B9-B8F3-CA6CF6A12159}"
EndProject
Project("{FAE04EC0-301F-11D3-BF4B-00C04F79EFBC}") = "MonitorProfiles.Storage.Tests", "tests\MonitorProfiles.Storage.Tests\MonitorProfiles.Storage.Tests.csproj", "{7A9CE55A-9CF3-4FE7-B526-2704C748EB3C}"
EndProject
Project("{FAE04EC0-301F-11D3-BF4B-00C04F79EFBC}") = "MonitorProfiles.Windows.Tests", "tests\MonitorProfiles.Windows.Tests\MonitorProfiles.Windows.Tests.csproj", "{21B02245-CA93-4C5D-8D03-AAFB66946D5B}"
EndProject
Global
	GlobalSection(SolutionConfigurationPlatforms) = preSolution
		Debug|Any CPU = Debug|Any CPU
		Debug|x64 = Debug|x64
		Debug|x86 = Debug|x86
		Release|Any CPU = Release|Any CPU
		Release|x64 = Release|x64
		Release|x86 = Release|x86
	EndGlobalSection
	GlobalSection(ProjectConfigurationPlatforms) = postSolution
		{BC856A63-3620-4F6E-9DE3-2F82D660B9DF}.Debug|Any CPU.ActiveCfg = Debug|Any CPU
		{BC856A63-3620-4F6E-9DE3-2F82D660B9DF}.Debug|Any CPU.Build.0 = Debug|Any CPU
		{BC856A63-3620-4F6E-9DE3-2F82D660B9DF}.Debug|x64.ActiveCfg = Debug|Any CPU
		{BC856A63-3620-4F6E-9DE3-2F82D660B9DF}.Debug|x64.Build.0 = Debug|Any CPU
		{BC856A63-3620-4F6E-9DE3-2F82D660B9DF}.Debug|x86.ActiveCfg = Debug|Any CPU
		{BC856A63-3620-4F6E-9DE3-2F82D660B9DF}.Debug|x86.Build.0 = Debug|Any CPU
		{BC856A63-3620-4F6E-9DE3-2F82D660B9DF}.Release|Any CPU.ActiveCfg = Release|Any CPU
		{BC856A63-3620-4F6E-9DE3-2F82D660B9DF}.Release|Any CPU.Build.0 = Release|Any CPU
		{BC856A63-3620-4F6E-9DE3-2F82D660B9DF}.Release|x64.ActiveCfg = Release|Any CPU
		{BC856A63-3620-4F6E-9DE3-2F82D660B9DF}.Release|x64.Build.0 = Release|Any CPU
		{BC856A63-3620-4F6E-9DE3-2F82D660B9DF}.Release|x86.ActiveCfg = Release|Any CPU
		{BC856A63-3620-4F6E-9DE3-2F82D660B9DF}.Release|x86.Build.0 = Release|Any CPU
		{91C19B17-9B05-413F-B054-C1291C5BDC21}.Debug|Any CPU.ActiveCfg = Debug|Any CPU
		{91C19B17-9B05-413F-B054-C1291C5BDC21}.Debug|Any CPU.Build.0 = Debug|Any CPU
		{91C19B17-9B05-413F-B054-C1291C5BDC21}.Debug|x64.ActiveCfg = Debug|Any CPU
		{91C19B17-9B05-413F-B054-C1291C5BDC21}.Debug|x64.Build.0 = Debug|Any CPU
		{91C19B17-9B05-413F-B054-C1291C5BDC21}.Debug|x86.ActiveCfg = Debug|Any CPU
		{91C19B17-9B05-413F-B054-C1291C5BDC21}.Debug|x86.Build.0 = Debug|Any CPU
		{91C19B17-9B05-413F-B054-C1291C5BDC21}.Release|Any CPU.ActiveCfg = Release|Any CPU
		{91C19B17-9B05-413F-B054-C1291C5BDC21}.Release|Any CPU.Build.0 = Release|Any CPU
		{91C19B17-9B05-413F-B054-C1291C5BDC21}.Release|x64.ActiveCfg = Release|Any CPU
		{91C19B17-9B05-413F-B054-C1291C5BDC21}.Release|x64.Build.0 = Release|Any CPU
		{91C19B17-9B05-413F-B054-C1291C5BDC21}.Release|x86.ActiveCfg = Release|Any CPU
		{91C19B17-9B05-413F-B054-C1291C5BDC21}.Release|x86.Build.0 = Release|Any CPU
		{FE7B20BA-845E-40B2-9D2E-A76498720643}.Debug|Any CPU.ActiveCfg = Debug|Any CPU
		{FE7B20BA-845E-40B2-9D2E-A76498720643}.Debug|Any CPU.Build.0 = Debug|Any CPU
		{FE7B20BA-845E-40B2-9D2E-A76498720643}.Debug|x64.ActiveCfg = Debug|Any CPU
		{FE7B20BA-845E-40B2-9D2E-A76498720643}.Debug|x64.Build.0 = Debug|Any CPU
		{FE7B20BA-845E-40B2-9D2E-A76498720643}.Debug|x86.ActiveCfg = Debug|Any CPU
		{FE7B20BA-845E-40B2-9D2E-A76498720643}.Debug|x86.Build.0 = Debug|Any CPU
		{FE7B20BA-845E-40B2-9D2E-A76498720643}.Release|Any CPU.ActiveCfg = Release|Any CPU
		{FE7B20BA-845E-40B2-9D2E-A76498720643}.Release|Any CPU.Build.0 = Release|Any CPU
		{FE7B20BA-845E-40B2-9D2E-A76498720643}.Release|x64.ActiveCfg = Release|Any CPU
		{FE7B20BA-845E-40B2-9D2E-A76498720643}.Release|x64.Build.0 = Release|Any CPU
		{FE7B20BA-845E-40B2-9D2E-A76498720643}.Release|x86.ActiveCfg = Release|Any CPU
		{FE7B20BA-845E-40B2-9D2E-A76498720643}.Release|x86.Build.0 = Release|Any CPU
		{DB0C3278-B61E-4BDF-8E5C-872979B3A629}.Debug|Any CPU.ActiveCfg = Debug|Any CPU
		{DB0C3278-B61E-4BDF-8E5C-872979B3A629}.Debug|Any CPU.Build.0 = Debug|Any CPU
		{DB0C3278-B61E-4BDF-8E5C-872979B3A629}.Debug|x64.ActiveCfg = Debug|Any CPU
		{DB0C3278-B61E-4BDF-8E5C-872979B3A629}.Debug|x64.Build.0 = Debug|Any CPU
		{DB0C3278-B61E-4BDF-8E5C-872979B3A629}.Debug|x86.ActiveCfg = Debug|Any CPU
		{DB0C3278-B61E-4BDF-8E5C-872979B3A629}.Debug|x86.Build.0 = Debug|Any CPU
		{DB0C3278-B61E-4BDF-8E5C-872979B3A629}.Release|Any CPU.ActiveCfg = Release|Any CPU
		{DB0C3278-B61E-4BDF-8E5C-872979B3A629}.Release|Any CPU.Build.0 = Release|Any CPU
		{DB0C3278-B61E-4BDF-8E5C-872979B3A629}.Release|x64.ActiveCfg = Release|Any CPU
		{DB0C3278-B61E-4BDF-8E5C-872979B3A629}.Release|x64.Build.0 = Release|Any CPU
		{DB0C3278-B61E-4BDF-8E5C-872979B3A629}.Release|x86.ActiveCfg = Release|Any CPU
		{DB0C3278-B61E-4BDF-8E5C-872979B3A629}.Release|x86.Build.0 = Release|Any CPU
		{68897B76-4374-41B9-B8F3-CA6CF6A12159}.Debug|Any CPU.ActiveCfg = Debug|Any CPU
		{68897B76-4374-41B9-B8F3-CA6CF6A12159}.Debug|Any CPU.Build.0 = Debug|Any CPU
		{68897B76-4374-41B9-B8F3-CA6CF6A12159}.Debug|x64.ActiveCfg = Debug|Any CPU
		{68897B76-4374-41B9-B8F3-CA6CF6A12159}.Debug|x64.Build.0 = Debug|Any CPU
		{68897B76-4374-41B9-B8F3-CA6CF6A12159}.Debug|x86.ActiveCfg = Debug|Any CPU
		{68897B76-4374-41B9-B8F3-CA6CF6A12159}.Debug|x86.Build.0 = Debug|Any CPU
		{68897B76-4374-41B9-B8F3-CA6CF6A12159}.Release|Any CPU.ActiveCfg = Release|Any CPU
		{68897B76-4374-41B9-B8F3-CA6CF6A12159}.Release|Any CPU.Build.0 = Release|Any CPU
		{68897B76-4374-41B9-B8F3-CA6CF6A12159}.Release|x64.ActiveCfg = Release|Any CPU
		{68897B76-4374-41B9-B8F3-CA6CF6A12159}.Release|x64.Build.0 = Release|Any CPU
		{68897B76-4374-41B9-B8F3-CA6CF6A12159}.Release|x86.ActiveCfg = Release|Any CPU
		{68897B76-4374-41B9-B8F3-CA6CF6A12159}.Release|x86.Build.0 = Release|Any CPU
		{7A9CE55A-9CF3-4FE7-B526-2704C748EB3C}.Debug|Any CPU.ActiveCfg = Debug|Any CPU
		{7A9CE55A-9CF3-4FE7-B526-2704C748EB3C}.Debug|Any CPU.Build.0 = Debug|Any CPU
		{7A9CE55A-9CF3-4FE7-B526-2704C748EB3C}.Debug|x64.ActiveCfg = Debug|Any CPU
		{7A9CE55A-9CF3-4FE7-B526-2704C748EB3C}.Debug|x64.Build.0 = Debug|Any CPU
		{7A9CE55A-9CF3-4FE7-B526-2704C748EB3C}.Debug|x86.ActiveCfg = Debug|Any CPU
		{7A9CE55A-9CF3-4FE7-B526-2704C748EB3C}.Debug|x86.Build.0 = Debug|Any CPU
		{7A9CE55A-9CF3-4FE7-B526-2704C748EB3C}.Release|Any CPU.ActiveCfg = Release|Any CPU
		{7A9CE55A-9CF3-4FE7-B526-2704C748EB3C}.Release|Any CPU.Build.0 = Release|Any CPU
		{7A9CE55A-9CF3-4FE7-B526-2704C748EB3C}.Release|x64.ActiveCfg = Release|Any CPU
		{7A9CE55A-9CF3-4FE7-B526-2704C748EB3C}.Release|x64.Build.0 = Release|Any CPU
		{7A9CE55A-9CF3-4FE7-B526-2704C748EB3C}.Release|x86.ActiveCfg = Release|Any CPU
		{7A9CE55A-9CF3-4FE7-B526-2704C748EB3C}.Release|x86.Build.0 = Release|Any CPU
		{21B02245-CA93-4C5D-8D03-AAFB66946D5B}.Debug|Any CPU.ActiveCfg = Debug|Any CPU
		{21B02245-CA93-4C5D-8D03-AAFB66946D5B}.Debug|Any CPU.Build.0 = Debug|Any CPU
		{21B02245-CA93-4C5D-8D03-AAFB66946D5B}.Debug|x64.ActiveCfg = Debug|Any CPU
		{21B02245-CA93-4C5D-8D03-AAFB66946D5B}.Debug|x64.Build.0 = Debug|Any CPU
		{21B02245-CA93-4C5D-8D03-AAFB66946D5B}.Debug|x86.ActiveCfg = Debug|Any CPU
		{21B02245-CA93-4C5D-8D03-AAFB66946D5B}.Debug|x86.Build.0 = Debug|Any CPU
		{21B02245-CA93-4C5D-8D03-AAFB66946D5B}.Release|Any CPU.ActiveCfg = Release|Any CPU
		{21B02245-CA93-4C5D-8D03-AAFB66946D5B}.Release|Any CPU.Build.0 = Release|Any CPU
		{21B02245-CA93-4C5D-8D03-AAFB66946D5B}.Release|x64.ActiveCfg = Release|Any CPU
		{21B02245-CA93-4C5D-8D03-AAFB66946D5B}.Release|x64.Build.0 = Release|Any CPU
		{21B02245-CA93-4C5D-8D03-AAFB66946D5B}.Release|x86.ActiveCfg = Release|Any CPU
		{21B02245-CA93-4C5D-8D03-AAFB66946D5B}.Release|x86.Build.0 = Release|Any CPU
	EndGlobalSection
	GlobalSection(SolutionProperties) = preSolution
		HideSolutionNode = FALSE
	EndGlobalSection
	GlobalSection(NestedProjects) = preSolution
		{BC856A63-3620-4F6E-9DE3-2F82D660B9DF} = {827E0CD3-B72D-47B6-A68D-7590B98EB39B}
		{91C19B17-9B05-413F-B054-C1291C5BDC21} = {827E0CD3-B72D-47B6-A68D-7590B98EB39B}
		{FE7B20BA-845E-40B2-9D2E-A76498720643} = {827E0CD3-B72D-47B6-A68D-7590B98EB39B}
		{DB0C3278-B61E-4BDF-8E5C-872979B3A629} = {827E0CD3-B72D-47B6-A68D-7590B98EB39B}
		{68897B76-4374-41B9-B8F3-CA6CF6A12159} = {0AB3BF05-4346-4AA6-1389-037BE0695223}
		{7A9CE55A-9CF3-4FE7-B526-2704C748EB3C} = {0AB3BF05-4346-4AA6-1389-037BE0695223}
		{21B02245-CA93-4C5D-8D03-AAFB66946D5B} = {0AB3BF05-4346-4AA6-1389-037BE0695223}
	EndGlobalSection
EndGlobal
